
Microsoft Visual Studio Solution File, Format Version 11.00
# Visual Studio 2010
Project("{FAE04EC0-301F-11D3-BF4B-00C04F79EFBC}") = "Assembly-CSharp", "Assembly-CSharp.csproj", "{8d3a36fb-6a46-0fbc-de89-dab43e57369e}"
EndProject
Project("{FAE04EC0-301F-11D3-BF4B-00C04F79EFBC}") = "Assembly-CSharp-Editor", "Assembly-CSharp-Editor.csproj", "{da98f2a6-7f93-f3bc-a7b1-fde27bd9868d}"
EndProject
Global
	GlobalSection(SolutionConfigurationPlatforms) = preSolution
		Debug|Any CPU = Debug|Any CPU
	EndGlobalSection
	GlobalSection(ProjectConfigurationPlatforms) = postSolution
		{8d3a36fb-6a46-0fbc-de89-dab43e57369e}.Debug|Any CPU.ActiveCfg = Debug|Any CPU
		{8d3a36fb-6a46-0fbc-de89-dab43e57369e}.Debug|Any CPU.Build.0 = Debug|Any CPU
		{da98f2a6-7f93-f3bc-a7b1-fde27bd9868d}.Debug|Any CPU.ActiveCfg = Debug|Any CPU
		{da98f2a6-7f93-f3bc-a7b1-fde27bd9868d}.Debug|Any CPU.Build.0 = Debug|Any CPU
	EndGlobalSection
	GlobalSection(SolutionProperties) = preSolution
		HideSolutionNode = FALSE
	EndGlobalSection
EndGlobal
